
Microsoft Visual Studio Solution File, Format Version 12.00
# Visual Studio Version 17
VisualStudioVersion = 17.12.35514.174
MinimumVisualStudioVersion = 10.0.40219.1
Project("{FAE04EC0-301F-11D3-BF4B-00C04F79EFBC}") = "RecruiterPortal", "RecruiterPortal\RecruiterPortal.csproj", "{10EE58D1-84EF-4376-83AC-DE6C7E559858}"
EndProject
Project("{FAE04EC0-301F-11D3-BF4B-00C04F79EFBC}") = "RecruiterPortal.Test", "RecruiterPortal.Test\RecruiterPortal.Test.csproj", "{AD0C0A89-B967-4A55-8A19-E0DAFA30E30B}"
EndProject
Global
	GlobalSection(SolutionConfigurationPlatforms) = preSolution
		Debug|Any CPU = Debug|Any CPU
		Release|Any CPU = Release|Any CPU
	EndGlobalSection
	GlobalSection(ProjectConfigurationPlatforms) = postSolution
		{10EE58D1-84EF-4376-83AC-DE6C7E559858}.Debug|Any CPU.ActiveCfg = Debug|Any CPU
		{10EE58D1-84EF-4376-83AC-DE6C7E559858}.Debug|Any CPU.Build.0 = Debug|Any CPU
		{10EE58D1-84EF-4376-83AC-DE6C7E559858}.Release|Any CPU.ActiveCfg = Release|Any CPU
		{10EE58D1-84EF-4376-83AC-DE6C7E559858}.Release|Any CPU.Build.0 = Release|Any CPU
		{AD0C0A89-B967-4A55-8A19-E0DAFA30E30B}.Debug|Any CPU.ActiveCfg = Debug|Any CPU
		{AD0C0A89-B967-4A55-8A19-E0DAFA30E30B}.Debug|Any CPU.Build.0 = Debug|Any CPU
		{AD0C0A89-B967-4A55-8A19-E0DAFA30E30B}.Release|Any CPU.ActiveCfg = Release|Any CPU
		{AD0C0A89-B967-4A55-8A19-E0DAFA30E30B}.Release|Any CPU.Build.0 = Release|Any CPU
	EndGlobalSection
	GlobalSection(SolutionProperties) = preSolution
		HideSolutionNode = FALSE
	EndGlobalSection
EndGlobal
